{
  "master": "C:/Users/Traff/Desktop/sebas/claude-workflow",
  "commit": "7e7d663881d8df74868431e9032c821e4d11dd5f",
  "files": {
    ".claude/agents/implementer-wt.md": "645bcafa085f37d78b4c39b64fc07c5c986ce6845e83979854e4f9de2b3a4ff0",
    ".claude/agents/implementer.md": "08974ffc4db178a3f5b9a0c66eb9abadc1b20a05cd95685d88eb98117aa060ac",
    ".claude/agents/plan-reviewer.md": "72a433f02822c953fed5b9f2ed4461b9e282c4cf5ee8079139ef98fe35c302b8",
    ".claude/agents/plan-writer.md": "5353f942edae4ff16094f3246fa4919e9dd839dce80017d91a0dc4f24151c541",
    ".claude/agents/reviewer.md": "f5185279c87aadb6e6c331e59e79b007a3a14ae431adaba34513e521d9628dda",
    ".claude/hooks/agent-guard.py": "e3822907195845cd80bfec93df858e67fa40c31eb62f1c80481fd42021337609",
    ".claude/hooks/context-watch.py": "551220917f63cf0ce2b97eb79e2e67e326771427a3d065b039ddd951179cf849",
    ".claude/hooks/file-guard.py": "a48a511a9f6d31b5617b513b828f3249eac278df27041e3d762d9e58d5412900",
    ".claude/hooks/git-guard.py": "04eda8af5514d08cacad56857c058e57af0cdd81391a7aacf15db8b1a0f8b330",
    ".claude/hooks/go-check.py": "b84d896e559ac8f0cf7ccc6fd78c4a7fbfb2f3cbbccc4bd2c5b5159606db19c8",
    ".claude/hooks/guard_config.py": "5cd61e7dfad5341d0e88d9277fe7dd4a9ea3df86c6385d5c6d3b6e974471751b",
    ".claude/hooks/hooks.py": "89ef972cc274cdae8fb9de2b42bfa0181a371e13e081dc1793d7901ffbb3297c",
    ".claude/hooks/review-guard.py": "a2e89cc9b2414ba05c7bae629f95d63e8e86770e8660eac6890ef68dec62aa32",
    ".claude/hooks/run.sh": "c24f9c69af6cb369f81153d75aeb942fbb45a1ee8b0c066e74179ac17a594adf",
    ".claude/hooks/session-start.py": "4a31e5dfb3f9d77316cac7a903a1b3d1bb7c5d2a7a3963c22208488d7338bd62",
    ".claude/hooks/stop-guard.py": "30de4b5abbadfdaddf1c3badc6290b9eae904219c88c88ec51625a7e09de743c",
    ".claude/modes/cloud.md": "87338e700b15271c757bc6de93c6ef2f309863dd1fb119cb7040a2dc7a8b2496",
    ".claude/modes/shared.md": "6a3bfb3df57a6e114407dc17b123f2e9e7a28ddb8dcdc7090d122d00d4cec8c2",
    ".claude/modes/worktree.md": "3486ebef9480de52da1504dfe2d0b78e4a2a1d62c0e2aa5622952ceef0aeaff2",
    ".claude/plans/TEMPLATE.md": "a1c7976fd4af189d5d09f6428be7e0577e95d4bf727dd5535ae63fc93767dabb",
    ".claude/playbook.md": "be0f91281ef2f31da474b846a0336af5926297ed1b2a4719fe95ef074fce9ae2",
    ".claude/rules/workflow.md": "f70009ac14e6976e7ac1b6fb2c90495099cc628f519177ae7c3f21b64afe2450",
    ".claude/settings.json": "e7df1801890a58104879ce07085ea4680232796033099c167daf69ab6d925979",
    ".claude/skills/handoff/SKILL.md": "76fd71721bef3ea9de5cfbbc5496211e407f96f74d50631537bc2299223b136c",
    ".claude/skills/plan/SKILL.md": "5ec47625cec261f1ce334140d9442d3c80ac67f32887f5349b70443d0eb59c62",
    ".claude/skills/plan/interview.md": "1c1e275f9367e7cdf36e4c794e4e00d5c05a0116b886f449c9218c3ea568f4fb",
    ".claude/skills/plan/run.md": "0d610869b8f2465d50fcdd4d684f36525ce18b8e6fd83f6d3ff824c29421cd2c",
    ".claude/skills/plan/unattended.md": "eab898b321dfb21d3ab6407ed1f462644215f1072fa93f87ee8a4e561d923bc9",
    "tools/autoplan.py": "0869334d4ad283753e37c9f73ffadd0a83aad393ccb42df8a18ec6f786097b66",
    "tools/cleanup.py": "71108a1cc531c1beaada08f99c5269024843b6f035c0d575a0ef2ed603401c25",
    "tools/try.py": "8b99b9a9b721c72df9de747ece1e232d11b3462cf59971e6a2fcd36d3cc99645",
    "tools/try_commit.py": "2b34311eb484e45b67996b482cca5aeb708632e869dd68eed8f958bfadc6462e"
  }
}
