{
  "master": "C:/Users/Traff/Desktop/sebas/claude-workflow",
  "commit": "6ada9da9ae56a03ae169d9afb7dd24a18d76d328",
  "files": {
    ".claude/agents/implementer-wt.md": "645bcafa085f37d78b4c39b64fc07c5c986ce6845e83979854e4f9de2b3a4ff0",
    ".claude/agents/implementer.md": "08974ffc4db178a3f5b9a0c66eb9abadc1b20a05cd95685d88eb98117aa060ac",
    ".claude/agents/plan-reviewer.md": "ed92305331f5fd29f4191c75e707794f9dfd839d926ffc0ff1e591050c0235db",
    ".claude/agents/plan-writer.md": "579d8f3e28835f3d5a04f882c1bae43c6fe57ec931d3e952481e33944568b79a",
    ".claude/agents/reviewer.md": "cef92351c4a762e1e7e8fc68dd581e8eee02784e8af4937bb64a8edaca887a4b",
    ".claude/hooks/context-watch.py": "413981207a920b41fdf6a4000fc81fdf5cd58fc4a7f1380db81f259675c379e9",
    ".claude/hooks/file-guard.py": "ba322e166a4601553e54c41360baf65c17e048d0cbc1df2566f98ec683a4fecf",
    ".claude/hooks/git-guard.py": "82e62d7aebda2b569b6350a7f73c26ff77a036d73b751186ac5c93d95ec283b1",
    ".claude/hooks/run.sh": "c24f9c69af6cb369f81153d75aeb942fbb45a1ee8b0c066e74179ac17a594adf",
    ".claude/hooks/session-start.py": "a61dc0e7e4627b37ab1b164e16d4ec097d87e67bdda6a3cc728c981525fc750f",
    ".claude/hooks/stop-guard.py": "30de4b5abbadfdaddf1c3badc6290b9eae904219c88c88ec51625a7e09de743c",
    ".claude/modes/cloud.md": "82256237ed5dbb6adf55a741783172f79263b2d0424f1f7d460cf835c5e1924b",
    ".claude/modes/shared.md": "0e604860b60a6f4e1952daa613b9ae6dedaa8cb88d7d868e668f47326411c1fc",
    ".claude/modes/worktree.md": "6bb6622b2bd8594c71f4cde9a2faf603a4f38d06182ecc9317a7be408511a12f",
    ".claude/plans/TEMPLATE.md": "a1c7976fd4af189d5d09f6428be7e0577e95d4bf727dd5535ae63fc93767dabb",
    ".claude/playbook.md": "dd18b7cfc9a1683746b4a235a859765839d8fa690c093b8a97ff27fdc0033da0",
    ".claude/rules/workflow.md": "113e0856b97d594ca573e9a13ae677632527525af3f9ceed1c90627eb4175d54",
    ".claude/settings.json": "b677382891991d363be6e8f277304f00eae5ca044da6804993add52e6323af1f",
    ".claude/skills/handoff/SKILL.md": "07f686f4618e76ec50d091dbc0d3ed34adc643ec6763a8e0fa29e0576076418d",
    ".claude/skills/plan/SKILL.md": "ad70f1944cc72a7386b7a7ece893985406bcc9d783fc6bfb5c237406c259b875",
    ".claude/skills/plan/interview.md": "2f090ea091a874781c5f7e8da2653d49020b70694e44ee01afb979a1e71b8577",
    ".claude/skills/plan/run.md": "79186049aeb333225aea09c41976bb4f5f7a92274b3a76bc8eb401490550ea74",
    ".claude/skills/plan/unattended.md": "eab898b321dfb21d3ab6407ed1f462644215f1072fa93f87ee8a4e561d923bc9",
    "tools/autoplan.py": "64793c07421057247fcb655b10950b8ff09f6decb22f782717e17dd581022476",
    "tools/cleanup.py": "71108a1cc531c1beaada08f99c5269024843b6f035c0d575a0ef2ed603401c25",
    "tools/try.py": "e84c0d52381014265d9bc4c4c0d3fb14956ea93f13b9edca2b9722819bacfd78",
    "tools/try_commit.py": "6c985a710664cf7e7176e1010e13c1e43c319ba07d1cd77226108cef83a34f5c"
  }
}
